
Microsoft Visual Studio Solution File, Format Version 12.00
# Visual Studio Version 16
VisualStudioVersion = 16.0.30002.166
MinimumVisualStudioVersion = 10.0.40219.1
Project("{FAE04EC0-301F-11D3-BF4B-00C04F79EFBC}") = "AppToDo.Android", "AppToDo\AppToDo.Android\AppToDo.Android.csproj", "{1A2A59B3-F4D7-491D-9925-AC1393462DB0}"
EndProject
Project("{FAE04EC0-301F-11D3-BF4B-00C04F79EFBC}") = "AppToDo", "AppToDo\AppToDo\AppToDo.csproj", "{E8E461F7-731E-4DAD-93B9-0323D80189BD}"
EndProject
Global
	GlobalSection(SolutionConfigurationPlatforms) = preSolution
		Debug|Any CPU = Debug|Any CPU
		Release|Any CPU = Release|Any CPU
	EndGlobalSection
	GlobalSection(ProjectConfigurationPlatforms) = postSolution
		{1A2A59B3-F4D7-491D-9925-AC1393462DB0}.Debug|Any CPU.ActiveCfg = Debug|Any CPU
		{1A2A59B3-F4D7-491D-9925-AC1393462DB0}.Debug|Any CPU.Build.0 = Debug|Any CPU
		{1A2A59B3-F4D7-491D-9925-AC1393462DB0}.Debug|Any CPU.Deploy.0 = Debug|Any CPU
		{1A2A59B3-F4D7-491D-9925-AC1393462DB0}.Release|Any CPU.ActiveCfg = Release|Any CPU
		{1A2A59B3-F4D7-491D-9925-AC1393462DB0}.Release|Any CPU.Build.0 = Release|Any CPU
		{1A2A59B3-F4D7-491D-9925-AC1393462DB0}.Release|Any CPU.Deploy.0 = Release|Any CPU
		{E8E461F7-731E-4DAD-93B9-0323D80189BD}.Debug|Any CPU.ActiveCfg = Debug|Any CPU
		{E8E461F7-731E-4DAD-93B9-0323D80189BD}.Debug|Any CPU.Build.0 = Debug|Any CPU
		{E8E461F7-731E-4DAD-93B9-0323D80189BD}.Debug|Any CPU.Deploy.0 = Debug|Any CPU
		{E8E461F7-731E-4DAD-93B9-0323D80189BD}.Release|Any CPU.ActiveCfg = Release|Any CPU
		{E8E461F7-731E-4DAD-93B9-0323D80189BD}.Release|Any CPU.Build.0 = Release|Any CPU
		{E8E461F7-731E-4DAD-93B9-0323D80189BD}.Release|Any CPU.Deploy.0 = Release|Any CPU
	EndGlobalSection
	GlobalSection(SolutionProperties) = preSolution
		HideSolutionNode = FALSE
	EndGlobalSection
	GlobalSection(ExtensibilityGlobals) = postSolution
		SolutionGuid = {B8CE1C39-D878-4757-A9A9-80BF9D9B7ADC}
	EndGlobalSection
EndGlobal
